
Microsoft Visual Studio Solution File, Format Version 12.00
# Visual Studio Version 16
VisualStudioVersion = 16.0.29324.140
MinimumVisualStudioVersion = 10.0.40219.1
Project("{9A19103F-16F7-4668-BE54-9A1E7A4F7556}") = "Fuzz", "Fuzz\Fuzz.csproj", "{E7907D88-6C00-48E7-AAEE-DA61D0A02EA0}"
EndProject
Project("{9A19103F-16F7-4668-BE54-9A1E7A4F7556}") = "HttpTokenize", "HttpTokenize\HttpTokenize.csproj", "{ABEC6E0C-37AF-44B0-9152-2CA490E014B3}"
EndProject
Project("{9A19103F-16F7-4668-BE54-9A1E7A4F7556}") = "UnitTests", "UnitTests\UnitTests.csproj", "{8941F86D-18E3-491E-9A75-FDB33B18FF4F}"
EndProject
Project("{9A19103F-16F7-4668-BE54-9A1E7A4F7556}") = "Generators", "Generators\Generators.csproj", "{43A7E7D6-004F-4E1B-88C1-9A5E858A8C46}"
EndProject
Project("{9A19103F-16F7-4668-BE54-9A1E7A4F7556}") = "CaptureParse", "CaptureParse\CaptureParse.csproj", "{E3EFCB81-46CF-446B-87C6-B4C488C3E8AA}"
EndProject
Project("{9A19103F-16F7-4668-BE54-9A1E7A4F7556}") = "WebView", "WebView\WebView.csproj", "{83E7DC48-82D2-4F98-A116-6564DCE7378E}"
EndProject
Project("{9A19103F-16F7-4668-BE54-9A1E7A4F7556}") = "Population", "PopulationManager\Population.csproj", "{71A194F4-3CF0-4664-90AC-2D3CFC48DD87}"
EndProject
Project("{9A19103F-16F7-4668-BE54-9A1E7A4F7556}") = "Database", "Database\Database.csproj", "{6A73C1CA-1EC4-42C6-880C-67F573F35974}"
EndProject
Project("{2150E333-8FDC-42A3-9474-1A3956D46DE8}") = "Solution Items", "Solution Items", "{76BD4B4A-343C-4D9D-8BE6-72553C285CA5}"
	ProjectSection(SolutionItems) = preProject
		README.md = README.md
	EndProjectSection
EndProject
Project("{9A19103F-16F7-4668-BE54-9A1E7A4F7556}") = "ProjectSpecific", "ProjectSpecific\ProjectSpecific.csproj", "{6EFF6B23-35FE-49F1-9653-01A89538319A}"
EndProject
Project("{9A19103F-16F7-4668-BE54-9A1E7A4F7556}") = "WebLauncher", "WebLauncher\WebLauncher.csproj", "{CA8440E8-03D0-439C-8D84-DBB7FD62968F}"
EndProject
Project("{E53339B2-1760-4266-BCC7-CA923CBCF16C}") = "docker-compose", "docker-compose.dcproj", "{4125CC49-7415-4BDF-891B-08959794831A}"
EndProject
Global
	GlobalSection(SolutionConfigurationPlatforms) = preSolution
		Debug|Any CPU = Debug|Any CPU
		Release|Any CPU = Release|Any CPU
	EndGlobalSection
	GlobalSection(ProjectConfigurationPlatforms) = postSolution
		{E7907D88-6C00-48E7-AAEE-DA61D0A02EA0}.Debug|Any CPU.ActiveCfg = Debug|Any CPU
		{E7907D88-6C00-48E7-AAEE-DA61D0A02EA0}.Debug|Any CPU.Build.0 = Debug|Any CPU
		{E7907D88-6C00-48E7-AAEE-DA61D0A02EA0}.Release|Any CPU.ActiveCfg = Release|Any CPU
		{E7907D88-6C00-48E7-AAEE-DA61D0A02EA0}.Release|Any CPU.Build.0 = Release|Any CPU
		{ABEC6E0C-37AF-44B0-9152-2CA490E014B3}.Debug|Any CPU.ActiveCfg = Debug|Any CPU
		{ABEC6E0C-37AF-44B0-9152-2CA490E014B3}.Debug|Any CPU.Build.0 = Debug|Any CPU
		{ABEC6E0C-37AF-44B0-9152-2CA490E014B3}.Release|Any CPU.ActiveCfg = Release|Any CPU
		{ABEC6E0C-37AF-44B0-9152-2CA490E014B3}.Release|Any CPU.Build.0 = Release|Any CPU
		{8941F86D-18E3-491E-9A75-FDB33B18FF4F}.Debug|Any CPU.ActiveCfg = Debug|Any CPU
		{8941F86D-18E3-491E-9A75-FDB33B18FF4F}.Debug|Any CPU.Build.0 = Debug|Any CPU
		{8941F86D-18E3-491E-9A75-FDB33B18FF4F}.Release|Any CPU.ActiveCfg = Release|Any CPU
		{8941F86D-18E3-491E-9A75-FDB33B18FF4F}.Release|Any CPU.Build.0 = Release|Any CPU
		{43A7E7D6-004F-4E1B-88C1-9A5E858A8C46}.Debug|Any CPU.ActiveCfg = Debug|Any CPU
		{43A7E7D6-004F-4E1B-88C1-9A5E858A8C46}.Debug|Any CPU.Build.0 = Debug|Any CPU
		{43A7E7D6-004F-4E1B-88C1-9A5E858A8C46}.Release|Any CPU.ActiveCfg = Release|Any CPU
		{43A7E7D6-004F-4E1B-88C1-9A5E858A8C46}.Release|Any CPU.Build.0 = Release|Any CPU
		{E3EFCB81-46CF-446B-87C6-B4C488C3E8AA}.Debug|Any CPU.ActiveCfg = Debug|Any CPU
		{E3EFCB81-46CF-446B-87C6-B4C488C3E8AA}.Debug|Any CPU.Build.0 = Debug|Any CPU
		{E3EFCB81-46CF-446B-87C6-B4C488C3E8AA}.Release|Any CPU.ActiveCfg = Release|Any CPU
		{E3EFCB81-46CF-446B-87C6-B4C488C3E8AA}.Release|Any CPU.Build.0 = Release|Any CPU
		{83E7DC48-82D2-4F98-A116-6564DCE7378E}.Debug|Any CPU.ActiveCfg = Debug|Any CPU
		{83E7DC48-82D2-4F98-A116-6564DCE7378E}.Debug|Any CPU.Build.0 = Debug|Any CPU
		{83E7DC48-82D2-4F98-A116-6564DCE7378E}.Release|Any CPU.ActiveCfg = Release|Any CPU
		{83E7DC48-82D2-4F98-A116-6564DCE7378E}.Release|Any CPU.Build.0 = Release|Any CPU
		{71A194F4-3CF0-4664-90AC-2D3CFC48DD87}.Debug|Any CPU.ActiveCfg = Debug|Any CPU
		{71A194F4-3CF0-4664-90AC-2D3CFC48DD87}.Debug|Any CPU.Build.0 = Debug|Any CPU
		{71A194F4-3CF0-4664-90AC-2D3CFC48DD87}.Release|Any CPU.ActiveCfg = Release|Any CPU
		{71A194F4-3CF0-4664-90AC-2D3CFC48DD87}.Release|Any CPU.Build.0 = Release|Any CPU
		{6A73C1CA-1EC4-42C6-880C-67F573F35974}.Debug|Any CPU.ActiveCfg = Debug|Any CPU
		{6A73C1CA-1EC4-42C6-880C-67F573F35974}.Debug|Any CPU.Build.0 = Debug|Any CPU
		{6A73C1CA-1EC4-42C6-880C-67F573F35974}.Release|Any CPU.ActiveCfg = Release|Any CPU
		{6A73C1CA-1EC4-42C6-880C-67F573F35974}.Release|Any CPU.Build.0 = Release|Any CPU
		{6EFF6B23-35FE-49F1-9653-01A89538319A}.Debug|Any CPU.ActiveCfg = Debug|Any CPU
		{6EFF6B23-35FE-49F1-9653-01A89538319A}.Debug|Any CPU.Build.0 = Debug|Any CPU
		{6EFF6B23-35FE-49F1-9653-01A89538319A}.Release|Any CPU.ActiveCfg = Release|Any CPU
		{6EFF6B23-35FE-49F1-9653-01A89538319A}.Release|Any CPU.Build.0 = Release|Any CPU
		{CA8440E8-03D0-439C-8D84-DBB7FD62968F}.Debug|Any CPU.ActiveCfg = Debug|Any CPU
		{CA8440E8-03D0-439C-8D84-DBB7FD62968F}.Debug|Any CPU.Build.0 = Debug|Any CPU
		{CA8440E8-03D0-439C-8D84-DBB7FD62968F}.Release|Any CPU.ActiveCfg = Release|Any CPU
		{CA8440E8-03D0-439C-8D84-DBB7FD62968F}.Release|Any CPU.Build.0 = Release|Any CPU
		{4125CC49-7415-4BDF-891B-08959794831A}.Debug|Any CPU.ActiveCfg = Debug|Any CPU
		{4125CC49-7415-4BDF-891B-08959794831A}.Debug|Any CPU.Build.0 = Debug|Any CPU
		{4125CC49-7415-4BDF-891B-08959794831A}.Release|Any CPU.ActiveCfg = Release|Any CPU
		{4125CC49-7415-4BDF-891B-08959794831A}.Release|Any CPU.Build.0 = Release|Any CPU
	EndGlobalSection
	GlobalSection(SolutionProperties) = preSolution
		HideSolutionNode = FALSE
	EndGlobalSection
	GlobalSection(ExtensibilityGlobals) = postSolution
		SolutionGuid = {7F9D2175-8E2E-4C97-AA00-588A63B0A31C}
	EndGlobalSection
EndGlobal
